
Microsoft Visual Studio Solution File, Format Version 12.00
# Visual Studio Version 16
VisualStudioVersion = 16.0.29201.188
MinimumVisualStudioVersion = 10.0.40219.1
Project("{888888A0-9F3D-457C-B088-3A5042F75D52}") = "PythonApplication4", "PythonApplication4.pyproj", "{800DADD2-9F24-44E9-921E-C0BA0D1D580F}"
EndProject
Global
	GlobalSection(SolutionConfigurationPlatforms) = preSolution
		Debug|Any CPU = Debug|Any CPU
		Release|Any CPU = Release|Any CPU
	EndGlobalSection
	GlobalSection(ProjectConfigurationPlatforms) = postSolution
		{800DADD2-9F24-44E9-921E-C0BA0D1D580F}.Debug|Any CPU.ActiveCfg = Debug|Any CPU
		{800DADD2-9F24-44E9-921E-C0BA0D1D580F}.Release|Any CPU.ActiveCfg = Release|Any CPU
	EndGlobalSection
	GlobalSection(SolutionProperties) = preSolution
		HideSolutionNode = FALSE
	EndGlobalSection
	GlobalSection(ExtensibilityGlobals) = postSolution
		SolutionGuid = {4BEA6CB1-B8EB-4A7E-B696-72D1E51DE2BB}
	EndGlobalSection
EndGlobal
